{
  "lockfileVersion": 1,
  "configVersion": 1,
  "workspaces": {
    "": {
      "name": "@neo-noumi/code-sandbox",
      "dependencies": {
        "hono": "4.11.1",
      },
    },
  },
  "packages": {
    "hono": ["hono@4.11.1", "", {}, "sha512-KsFcH0xxHes0J4zaQgWbYwmz3UPOOskdqZmItstUG93+Wk1ePBLkLGwbP9zlmh1BFUiL8Qp+Xfu9P7feJWpGNg=="],
  }
}
